
Microsoft Visual Studio Solution File, Format Version 12.00
# Visual Studio Version 17
VisualStudioVersion = 17.1.32210.238
MinimumVisualStudioVersion = 10.0.40219.1
Project("{FAE04EC0-301F-11D3-BF4B-00C04F79EFBC}") = "MyMovie.Api", "MyMovie.Api\MyMovie.Api.csproj", "{EA7DCCF8-680E-4135-A969-B8B4F58FF7D5}"
EndProject
Project("{FAE04EC0-301F-11D3-BF4B-00C04F79EFBC}") = "MyMovie.Library", "MyMovie.Library\MyMovie.Library.csproj", "{A33470E8-25CC-4B3D-81E8-69AB6FEAB6E4}"
EndProject
Project("{FAE04EC0-301F-11D3-BF4B-00C04F79EFBC}") = "MyMovie.LibraryTests", "MyMovie.LibraryTests\MyMovie.LibraryTests.csproj", "{34E8C6F6-8130-45B4-B5F7-EA57638D67C2}"
EndProject
Global
	GlobalSection(SolutionConfigurationPlatforms) = preSolution
		Debug|Any CPU = Debug|Any CPU
		Release|Any CPU = Release|Any CPU
	EndGlobalSection
	GlobalSection(ProjectConfigurationPlatforms) = postSolution
		{EA7DCCF8-680E-4135-A969-B8B4F58FF7D5}.Debug|Any CPU.ActiveCfg = Debug|Any CPU
		{EA7DCCF8-680E-4135-A969-B8B4F58FF7D5}.Debug|Any CPU.Build.0 = Debug|Any CPU
		{EA7DCCF8-680E-4135-A969-B8B4F58FF7D5}.Release|Any CPU.ActiveCfg = Release|Any CPU
		{EA7DCCF8-680E-4135-A969-B8B4F58FF7D5}.Release|Any CPU.Build.0 = Release|Any CPU
		{A33470E8-25CC-4B3D-81E8-69AB6FEAB6E4}.Debug|Any CPU.ActiveCfg = Debug|Any CPU
		{A33470E8-25CC-4B3D-81E8-69AB6FEAB6E4}.Debug|Any CPU.Build.0 = Debug|Any CPU
		{A33470E8-25CC-4B3D-81E8-69AB6FEAB6E4}.Release|Any CPU.ActiveCfg = Release|Any CPU
		{A33470E8-25CC-4B3D-81E8-69AB6FEAB6E4}.Release|Any CPU.Build.0 = Release|Any CPU
		{34E8C6F6-8130-45B4-B5F7-EA57638D67C2}.Debug|Any CPU.ActiveCfg = Debug|Any CPU
		{34E8C6F6-8130-45B4-B5F7-EA57638D67C2}.Debug|Any CPU.Build.0 = Debug|Any CPU
		{34E8C6F6-8130-45B4-B5F7-EA57638D67C2}.Release|Any CPU.ActiveCfg = Release|Any CPU
		{34E8C6F6-8130-45B4-B5F7-EA57638D67C2}.Release|Any CPU.Build.0 = Release|Any CPU
	EndGlobalSection
	GlobalSection(SolutionProperties) = preSolution
		HideSolutionNode = FALSE
	EndGlobalSection
	GlobalSection(ExtensibilityGlobals) = postSolution
		SolutionGuid = {C2BEF974-7BB0-41D1-BAE6-240013E123C0}
	EndGlobalSection
EndGlobal
